<Solution>
  <Folder Name="/src/">
    <Project Path="src/HardwareTest.Core/HardwareTest.Core.csproj" />
    <Project Path="src/HardwareTest.OpenTap.Plugins.Basic/HardwareTest.OpenTap.Plugins.Basic.csproj" />
    <Project Path="src/HardwareTest.OpenTap.Plugins.Mixins/HardwareTest.OpenTap.Plugins.Mixins.csproj" />
    <Project Path="src/HardwareTest.OpenTap.Host/HardwareTest.OpenTap.Host.csproj" />
    <Project Path="src/HardwareTest.OpenTap.Worker/HardwareTest.OpenTap.Worker.csproj" />
    <Project Path="src/HardwareTest.PlanValidate/HardwareTest.PlanValidate.csproj" />
    <Project Path="src/HardwareTest/HardwareTest.csproj" />
  </Folder>
  <Folder Name="/tests/">
    <Project Path="tests/HardwareTest.Architecture.Tests/HardwareTest.Architecture.Tests.csproj" />
    <Project Path="tests/HardwareTest.E2E.Tests/HardwareTest.E2E.Tests.csproj" />
    <Project Path="tests/HardwareTest.Session.Contracts/HardwareTest.Session.Contracts.csproj" />
    <Project Path="tests/HardwareTest.Tests/HardwareTest.Tests.csproj" />
    <Project Path="tests/HardwareTest.ViewModels.Tests/HardwareTest.ViewModels.Tests.csproj" />
  </Folder>
</Solution>
