{
  "version": 1,
  "dependencies": {
    "net10.0": {
      "OpenTAP": {
        "type": "Direct",
        "requested": "[9.32.2, )",
        "resolved": "9.32.2",
        "contentHash": "/2ifJOKrJzHQoqCGyL1gqdlcy20l1tCQkUr6QZyULzJdWoPZusP5yY67i8rGGIgqAkzrM7ES5s3wEz15MwwdOw=="
      }
    },
    "net10.0/linux-x64": {},
    "net10.0/osx-arm64": {},
    "net10.0/win-x64": {}
  }
}