{
  "version": 1,
  "dependencies": {
    "net10.0": {
      "OpenTAP": {
        "type": "Direct",
        "requested": "[9.32.2, )",
        "resolved": "9.32.2",
        "contentHash": "/2ifJOKrJzHQoqCGyL1gqdlcy20l1tCQkUr6QZyULzJdWoPZusP5yY67i8rGGIgqAkzrM7ES5s3wEz15MwwdOw=="
      },
      "HarfBuzzSharp": {
        "type": "Transitive",
        "resolved": "8.3.1.1",
        "contentHash": "tLZN66oe/uiRPTZfrCU4i8ScVGwqHNh5MHrXj0yVf4l7Mz0FhTGnQ71RGySROTmdognAs0JtluHkL41pIabWuQ==",
        "dependencies": {
          "HarfBuzzSharp.NativeAssets.Win32": "8.3.1.1",
          "HarfBuzzSharp.NativeAssets.macOS": "8.3.1.1"
        }
      },
      "HarfBuzzSharp.NativeAssets.Linux": {
        "type": "Transitive",
        "resolved": "8.3.1.1",
        "contentHash": "3EZ1mpIiKWRLL5hUYA82ZHteeDIVaEA/Z0rA/wU6tjx6crcAkJnBPwDXZugBSfo8+J3EznvRJf49uMsqYfKrHg=="
      },
      "HarfBuzzSharp.NativeAssets.macOS": {
        "type": "Transitive",
        "resolved": "8.3.1.1",
        "contentHash": "jbtCsgftcaFLCA13tVKo5iWdElJScrulLTKJre36O4YQTIlwDtPPqhRZNk+Y0vv4D1gxbscasGRucUDfS44ofQ=="
      },
      "HarfBuzzSharp.NativeAssets.Win32": {
        "type": "Transitive",
        "resolved": "8.3.1.1",
        "contentHash": "UsJtQsfAJoFDZrXc4hCUfRPMqccfKZ0iumJ/upcUjz/cmsTgVFGNEL5yaJWmkqsuFYdMWbj/En5/kS4PFl9hBA=="
      },
      "IviFoundation.Visa": {
        "type": "Transitive",
        "resolved": "8.0.2",
        "contentHash": "M7gBB5H9WyPwF5MKK0Q5+I9sYaKH1GMHdezjwsmtYwH7t0oy5nSK7B9ooGnX043eoDkY7o/5DvNy8DEzKHqW3Q=="
      },
      "Microsoft.Extensions.DependencyInjection.Abstractions": {
        "type": "Transitive",
        "resolved": "10.0.10",
        "contentHash": "z/2xXlFw2aLGjHyEm6E0tQ+In6VfzQzTrtArbQ2c0TQE16ZbyDCMGPvaUT9I0s8rgy9sRWlU2P9waW37qV04qA=="
      },
      "ScottPlot": {
        "type": "Transitive",
        "resolved": "5.1.59",
        "contentHash": "a2xnmMNfhspakKobDfAX5s1GPLFgmEXtRewR9p6bWM91QuCxF5SjHnDbixAcZoU50LPicrCe04sWzIVzdSrmNw==",
        "dependencies": {
          "HarfBuzzSharp.NativeAssets.Linux": "8.3.1.1",
          "SkiaSharp": "3.119.0",
          "SkiaSharp.HarfBuzz": "3.119.0",
          "SkiaSharp.NativeAssets.Linux.NoDependencies": "3.119.0"
        }
      },
      "Serilog": {
        "type": "Transitive",
        "resolved": "4.4.0",
        "contentHash": "ZC6Le3rr4TVJJjS4KsQAesxeF1EhW9qcZmmG7eP5Y2G3+gTGkJEUXkq4+tZNPtyp05I0wWOxnIjwtxFweJsObw=="
      },
      "Serilog.Enrichers.Environment": {
        "type": "Transitive",
        "resolved": "3.0.1",
        "contentHash": "9BqCE4C9FF+/rJb/CsQwe7oVf44xqkOvMwX//CUxvUR25lFL4tSS6iuxE5eW07quby1BAyAEP+vM6TWsnT3iqw==",
        "dependencies": {
          "Serilog": "4.0.0"
        }
      },
      "Serilog.Enrichers.Thread": {
        "type": "Transitive",
        "resolved": "4.0.0",
        "contentHash": "C7BK25a1rhUyr+Tp+1BYcVlBJq7M2VCHlIgnwoIUVJcicM9jYcvQK18+OeHiXw7uLPSjqWxJIp1EfaZ/RGmEwA==",
        "dependencies": {
          "Serilog": "4.0.0"
        }
      },
      "Serilog.Sinks.Console": {
        "type": "Transitive",
        "resolved": "6.1.1",
        "contentHash": "8jbqgjUyZlfCuSTaJk6lOca465OndqOz3KZP6Cryt/IqZYybyBu7GP0fE/AXBzrrQB3EBmQntBFAvMVz1COvAA==",
        "dependencies": {
          "Serilog": "4.0.0"
        }
      },
      "Serilog.Sinks.EventLog": {
        "type": "Transitive",
        "resolved": "4.0.0",
        "contentHash": "Cmfr5v407xVc0GA0Sk+RQCCBNvxvwY1lV5/k2bqLi3ksTvLx/KbGTVM2rA5Z/e2ZEZ12HOCvBviQ9Er9GsMjXQ==",
        "dependencies": {
          "Serilog": "4.0.0",
          "System.Diagnostics.EventLog": "8.0.0"
        }
      },
      "Serilog.Sinks.File": {
        "type": "Transitive",
        "resolved": "7.0.0",
        "contentHash": "fKL7mXv7qaiNBUC71ssvn/dU0k9t0o45+qm2XgKAlSt19xF+ijjxyA3R6HmCgfKEKwfcfkwWjayuQtRueZFkYw==",
        "dependencies": {
          "Serilog": "4.2.0"
        }
      },
      "Serilog.Sinks.PeriodicBatching": {
        "type": "Transitive",
        "resolved": "5.0.0",
        "contentHash": "k57sDVgYitVdA5h9XSvy8lSlEts1ZzqlApHINUNV5WIuvnt6Z18LNynUQI6JYioKdqbUhkY6+KP844w7/awcOw==",
        "dependencies": {
          "Serilog": "4.0.0"
        }
      },
      "Serilog.Sinks.SyslogMessages": {
        "type": "Transitive",
        "resolved": "4.1.0",
        "contentHash": "qJ5qxNpvBlgaxUuZh5dvXKcMXitSJTWaRhP+ISDPSLpEXzJTRz1SrAHRvjUI6FLbwwXubWImZDpVIUUaMPyjGQ==",
        "dependencies": {
          "Serilog": "4.0.0",
          "Serilog.Sinks.PeriodicBatching": "5.0.0"
        }
      },
      "SerilogTracing": {
        "type": "Transitive",
        "resolved": "2.4.0",
        "contentHash": "njmMFYn3afTQ/Y1qa5C7VE/URUk3U+rDs1zG58c/kBHtB/Is03dJG14MqR7gK1/7+drZLKIgi5LE82d++C7ung==",
        "dependencies": {
          "Serilog": "4.3.1"
        }
      },
      "SkiaSharp": {
        "type": "Transitive",
        "resolved": "3.119.0",
        "contentHash": "gR9yVoOta2Mc1Rxt15LD65AckfHMfwjIs/3kkD59C9bT2nYYISsE6uz3t4aMPNHA6CgsIL0Ssn+jE5OVilZ1yw==",
        "dependencies": {
          "SkiaSharp.NativeAssets.Win32": "3.119.0",
          "SkiaSharp.NativeAssets.macOS": "3.119.0"
        }
      },
      "SkiaSharp.HarfBuzz": {
        "type": "Transitive",
        "resolved": "3.119.0",
        "contentHash": "5ocGzl+RYEZFnUPUbModshnEFvKTku4hTtOBsLvy5MCK2KAHjq5Nw2+uAVUx79Rjh0z8fTojT6ZVav8MJgW0ug==",
        "dependencies": {
          "HarfBuzzSharp": "8.3.1.1",
          "SkiaSharp": "3.119.0"
        }
      },
      "SkiaSharp.NativeAssets.Linux.NoDependencies": {
        "type": "Transitive",
        "resolved": "3.119.0",
        "contentHash": "e92vdqf1VOETPjy1T67Fs1zPxfGMM1nbrpt69GM5foXSI/iIbq6L9avPz/bl/DbWtb81D0yF/NKjRmXuOZoLcg=="
      },
      "SkiaSharp.NativeAssets.macOS": {
        "type": "Transitive",
        "resolved": "3.119.0",
        "contentHash": "YE1vNn0Nyw2PWtv7hw1PYkKJO0itFiQp9vSqGppZUKzQJqwp28a2jgdCMPfYtOiR8KCnDgZqQoynqJRRaE2ZVg=="
      },
      "SkiaSharp.NativeAssets.Win32": {
        "type": "Transitive",
        "resolved": "3.119.0",
        "contentHash": "IwC9yx36lOdXVT2DjgmWHl1qkVspfj8ctd4+li8CNnvqdfaTolXCOh6TLznURcPAvzatx9K/tLOB7zT6T8EA9w=="
      },
      "System.Diagnostics.EventLog": {
        "type": "Transitive",
        "resolved": "8.0.0",
        "contentHash": "fdYxcRjQqTTacKId/2IECojlDSFvp7LP5N78+0z/xH7v/Tuw5ZAxu23Y6PTCRinqyu2ePx+Gn1098NC6jM6d+A=="
      },
      "TypstInterop": {
        "type": "Transitive",
        "resolved": "2.0.2",
        "contentHash": "HqRxrF9r0hQwtfsWnOEkHwKikmVbqp1iK5PEXzcWzWjo2Be7Eq7VkYe+haZ/n5bCxdqcSdConamuUVVxDypy0A=="
      },
      "hardwaretest.core": {
        "type": "Project",
        "dependencies": {
          "IviFoundation.Visa": "[8.0.2, )",
          "Microsoft.Extensions.DependencyInjection.Abstractions": "[10.0.10, )",
          "ScottPlot": "[5.1.59, )",
          "Serilog": "[4.4.0, )",
          "Serilog.Enrichers.Environment": "[3.0.1, )",
          "Serilog.Enrichers.Thread": "[4.0.0, )",
          "Serilog.Sinks.Console": "[6.1.1, )",
          "Serilog.Sinks.EventLog": "[4.0.0, )",
          "Serilog.Sinks.File": "[7.0.0, )",
          "Serilog.Sinks.SyslogMessages": "[4.1.0, )",
          "SerilogTracing": "[2.4.0, )",
          "TypstInterop": "[2.0.2, )"
        }
      },
      "hardwaretest.opentap.plugins.basic": {
        "type": "Project",
        "dependencies": {
          "IviFoundation.Visa": "[8.0.2, )",
          "OpenTAP": "[9.32.2, )"
        }
      },
      "hardwaretest.opentap.plugins.mixins": {
        "type": "Project",
        "dependencies": {
          "OpenTAP": "[9.32.2, )"
        }
      }
    },
    "net10.0/linux-x64": {
      "HarfBuzzSharp.NativeAssets.Linux": {
        "type": "Transitive",
        "resolved": "8.3.1.1",
        "contentHash": "3EZ1mpIiKWRLL5hUYA82ZHteeDIVaEA/Z0rA/wU6tjx6crcAkJnBPwDXZugBSfo8+J3EznvRJf49uMsqYfKrHg=="
      },
      "HarfBuzzSharp.NativeAssets.macOS": {
        "type": "Transitive",
        "resolved": "8.3.1.1",
        "contentHash": "jbtCsgftcaFLCA13tVKo5iWdElJScrulLTKJre36O4YQTIlwDtPPqhRZNk+Y0vv4D1gxbscasGRucUDfS44ofQ=="
      },
      "HarfBuzzSharp.NativeAssets.Win32": {
        "type": "Transitive",
        "resolved": "8.3.1.1",
        "contentHash": "UsJtQsfAJoFDZrXc4hCUfRPMqccfKZ0iumJ/upcUjz/cmsTgVFGNEL5yaJWmkqsuFYdMWbj/En5/kS4PFl9hBA=="
      },
      "SkiaSharp.NativeAssets.Linux.NoDependencies": {
        "type": "Transitive",
        "resolved": "3.119.0",
        "contentHash": "e92vdqf1VOETPjy1T67Fs1zPxfGMM1nbrpt69GM5foXSI/iIbq6L9avPz/bl/DbWtb81D0yF/NKjRmXuOZoLcg=="
      },
      "SkiaSharp.NativeAssets.macOS": {
        "type": "Transitive",
        "resolved": "3.119.0",
        "contentHash": "YE1vNn0Nyw2PWtv7hw1PYkKJO0itFiQp9vSqGppZUKzQJqwp28a2jgdCMPfYtOiR8KCnDgZqQoynqJRRaE2ZVg=="
      },
      "SkiaSharp.NativeAssets.Win32": {
        "type": "Transitive",
        "resolved": "3.119.0",
        "contentHash": "IwC9yx36lOdXVT2DjgmWHl1qkVspfj8ctd4+li8CNnvqdfaTolXCOh6TLznURcPAvzatx9K/tLOB7zT6T8EA9w=="
      },
      "System.Diagnostics.EventLog": {
        "type": "Transitive",
        "resolved": "8.0.0",
        "contentHash": "fdYxcRjQqTTacKId/2IECojlDSFvp7LP5N78+0z/xH7v/Tuw5ZAxu23Y6PTCRinqyu2ePx+Gn1098NC6jM6d+A=="
      },
      "TypstInterop": {
        "type": "Transitive",
        "resolved": "2.0.2",
        "contentHash": "HqRxrF9r0hQwtfsWnOEkHwKikmVbqp1iK5PEXzcWzWjo2Be7Eq7VkYe+haZ/n5bCxdqcSdConamuUVVxDypy0A==",
        "dependencies": {
          "TypstInterop.runtime.linux-x64": "2.0.2"
        }
      },
      "TypstInterop.runtime.linux-x64": {
        "type": "Transitive",
        "resolved": "2.0.2",
        "contentHash": "kyB1pIH84vndbMon50WDc5q3uaexiylWNPDvkmKUZ1cflz/C9uRWb7yokvJWTSSHLq9nCcc23FCppk3YHvL7XA=="
      }
    },
    "net10.0/osx-arm64": {
      "HarfBuzzSharp.NativeAssets.Linux": {
        "type": "Transitive",
        "resolved": "8.3.1.1",
        "contentHash": "3EZ1mpIiKWRLL5hUYA82ZHteeDIVaEA/Z0rA/wU6tjx6crcAkJnBPwDXZugBSfo8+J3EznvRJf49uMsqYfKrHg=="
      },
      "HarfBuzzSharp.NativeAssets.macOS": {
        "type": "Transitive",
        "resolved": "8.3.1.1",
        "contentHash": "jbtCsgftcaFLCA13tVKo5iWdElJScrulLTKJre36O4YQTIlwDtPPqhRZNk+Y0vv4D1gxbscasGRucUDfS44ofQ=="
      },
      "HarfBuzzSharp.NativeAssets.Win32": {
        "type": "Transitive",
        "resolved": "8.3.1.1",
        "contentHash": "UsJtQsfAJoFDZrXc4hCUfRPMqccfKZ0iumJ/upcUjz/cmsTgVFGNEL5yaJWmkqsuFYdMWbj/En5/kS4PFl9hBA=="
      },
      "SkiaSharp.NativeAssets.Linux.NoDependencies": {
        "type": "Transitive",
        "resolved": "3.119.0",
        "contentHash": "e92vdqf1VOETPjy1T67Fs1zPxfGMM1nbrpt69GM5foXSI/iIbq6L9avPz/bl/DbWtb81D0yF/NKjRmXuOZoLcg=="
      },
      "SkiaSharp.NativeAssets.macOS": {
        "type": "Transitive",
        "resolved": "3.119.0",
        "contentHash": "YE1vNn0Nyw2PWtv7hw1PYkKJO0itFiQp9vSqGppZUKzQJqwp28a2jgdCMPfYtOiR8KCnDgZqQoynqJRRaE2ZVg=="
      },
      "SkiaSharp.NativeAssets.Win32": {
        "type": "Transitive",
        "resolved": "3.119.0",
        "contentHash": "IwC9yx36lOdXVT2DjgmWHl1qkVspfj8ctd4+li8CNnvqdfaTolXCOh6TLznURcPAvzatx9K/tLOB7zT6T8EA9w=="
      },
      "System.Diagnostics.EventLog": {
        "type": "Transitive",
        "resolved": "8.0.0",
        "contentHash": "fdYxcRjQqTTacKId/2IECojlDSFvp7LP5N78+0z/xH7v/Tuw5ZAxu23Y6PTCRinqyu2ePx+Gn1098NC6jM6d+A=="
      },
      "TypstInterop": {
        "type": "Transitive",
        "resolved": "2.0.2",
        "contentHash": "HqRxrF9r0hQwtfsWnOEkHwKikmVbqp1iK5PEXzcWzWjo2Be7Eq7VkYe+haZ/n5bCxdqcSdConamuUVVxDypy0A==",
        "dependencies": {
          "TypstInterop.runtime.osx-arm64": "2.0.2"
        }
      },
      "TypstInterop.runtime.osx-arm64": {
        "type": "Transitive",
        "resolved": "2.0.2",
        "contentHash": "fMK9jKT1n6sUvE13h7xa5YzKtGfj+xUeOsXggZYgg6j2e4x0kFS8TXLKItY4J67LRYDsZrfuy4IL/kScPXGm/g=="
      }
    },
    "net10.0/win-x64": {
      "HarfBuzzSharp.NativeAssets.Linux": {
        "type": "Transitive",
        "resolved": "8.3.1.1",
        "contentHash": "3EZ1mpIiKWRLL5hUYA82ZHteeDIVaEA/Z0rA/wU6tjx6crcAkJnBPwDXZugBSfo8+J3EznvRJf49uMsqYfKrHg=="
      },
      "HarfBuzzSharp.NativeAssets.macOS": {
        "type": "Transitive",
        "resolved": "8.3.1.1",
        "contentHash": "jbtCsgftcaFLCA13tVKo5iWdElJScrulLTKJre36O4YQTIlwDtPPqhRZNk+Y0vv4D1gxbscasGRucUDfS44ofQ=="
      },
      "HarfBuzzSharp.NativeAssets.Win32": {
        "type": "Transitive",
        "resolved": "8.3.1.1",
        "contentHash": "UsJtQsfAJoFDZrXc4hCUfRPMqccfKZ0iumJ/upcUjz/cmsTgVFGNEL5yaJWmkqsuFYdMWbj/En5/kS4PFl9hBA=="
      },
      "SkiaSharp.NativeAssets.Linux.NoDependencies": {
        "type": "Transitive",
        "resolved": "3.119.0",
        "contentHash": "e92vdqf1VOETPjy1T67Fs1zPxfGMM1nbrpt69GM5foXSI/iIbq6L9avPz/bl/DbWtb81D0yF/NKjRmXuOZoLcg=="
      },
      "SkiaSharp.NativeAssets.macOS": {
        "type": "Transitive",
        "resolved": "3.119.0",
        "contentHash": "YE1vNn0Nyw2PWtv7hw1PYkKJO0itFiQp9vSqGppZUKzQJqwp28a2jgdCMPfYtOiR8KCnDgZqQoynqJRRaE2ZVg=="
      },
      "SkiaSharp.NativeAssets.Win32": {
        "type": "Transitive",
        "resolved": "3.119.0",
        "contentHash": "IwC9yx36lOdXVT2DjgmWHl1qkVspfj8ctd4+li8CNnvqdfaTolXCOh6TLznURcPAvzatx9K/tLOB7zT6T8EA9w=="
      },
      "System.Diagnostics.EventLog": {
        "type": "Transitive",
        "resolved": "8.0.0",
        "contentHash": "fdYxcRjQqTTacKId/2IECojlDSFvp7LP5N78+0z/xH7v/Tuw5ZAxu23Y6PTCRinqyu2ePx+Gn1098NC6jM6d+A=="
      },
      "TypstInterop": {
        "type": "Transitive",
        "resolved": "2.0.2",
        "contentHash": "HqRxrF9r0hQwtfsWnOEkHwKikmVbqp1iK5PEXzcWzWjo2Be7Eq7VkYe+haZ/n5bCxdqcSdConamuUVVxDypy0A==",
        "dependencies": {
          "TypstInterop.runtime.win-x64": "2.0.2"
        }
      },
      "TypstInterop.runtime.win-x64": {
        "type": "Transitive",
        "resolved": "2.0.2",
        "contentHash": "UFK+QZqLwp2bx4DKoF3Cu427SSA7LZL4qtc9v/gEbi+rAbUspyHFf02sXJS7lpeAj53cL0kLk/34nWbW3n6D5w=="
      }
    }
  }
}